<Solution>
  <Folder Name="/Adapters/">
    <Project Path="HexagonalAdventure.Adapters.In.Console/HexagonalAdventure.Adapters.In.Console.csproj" Id="1ea1fe50-2f45-4c84-8dda-aebf988b670a" />
    <Project Path="HexagonalAdventure.Adapters.In.WebApi/HexagonalAdventure.Adapters.In.WebApi.csproj" Id="c10198ad-194e-46d3-b4c7-bbe1d9f6163c" />
    <Project Path="HexagonalAdventure.Adapters.Out.EF/HexagonalAdventure.Adapters.Out.EF.csproj" Id="eaf2ce3d-d86b-4478-aa97-b0d7f6dcdc25" />
    <Project Path="HexagonalAdventure.Adapters.Out.InMemory/HexagonalAdventure.Adapters.Out.InMemory.csproj" Id="f6fba077-969b-403e-9fe1-13448c4aa8d5" />
  </Folder>
  <Folder Name="/Application/">
    <Project Path="HexagonalAdventure.Application/HexagonalAdventure.Application.csproj" Id="20236bdd-61df-491c-8bc2-59a76c6cec63" />
  </Folder>
  <Folder Name="/Core/">
    <Project Path="HexagonalAdventure.Domain/HexagonalAdventure.Domain.csproj" Id="10dbe892-62ea-45d5-b8cb-a31132299653" />
  </Folder>
  <Folder Name="/Tests/">
    <Project Path="HexagonalAdventure.Apdaters.IntegrationTests/HexagonalAdventure.Apdaters.IntegrationTests.csproj" Id="03864e1f-b50b-40bf-8fb6-985d61a7cfd2" />
    <Project Path="HexagonalAdventure.Application.UnitTests/HexagonalAdventure.Application.UnitTests.csproj" Id="7e361b24-1fa5-4813-940a-bc7687107568" />
    <Project Path="HexagonalAdventure.Domain.UnitTests/HexagonalAdventure.Domain.UnitTests.csproj" Id="2a0ffd30-08ac-4439-ad46-5e0432d53d41" />
  </Folder>
</Solution>
